
Microsoft Visual Studio Solution File, Format Version 12.00
# Visual Studio Version 16
VisualStudioVersion = 16.0.31410.357
MinimumVisualStudioVersion = 10.0.40219.1
Project("{FAE04EC0-301F-11D3-BF4B-00C04F79EFBC}") = "WorkAccionesBBVA", "WorkAccionesBBVA.csproj", "{878FBB48-F750-4FD7-AF8A-8C4C6FF3C4FF}"
EndProject
Global
	GlobalSection(SolutionConfigurationPlatforms) = preSolution
		Debug|Any CPU = Debug|Any CPU
		Release|Any CPU = Release|Any CPU
	EndGlobalSection
	GlobalSection(ProjectConfigurationPlatforms) = postSolution
		{878FBB48-F750-4FD7-AF8A-8C4C6FF3C4FF}.Debug|Any CPU.ActiveCfg = Debug|Any CPU
		{878FBB48-F750-4FD7-AF8A-8C4C6FF3C4FF}.Debug|Any CPU.Build.0 = Debug|Any CPU
		{878FBB48-F750-4FD7-AF8A-8C4C6FF3C4FF}.Release|Any CPU.ActiveCfg = Release|Any CPU
		{878FBB48-F750-4FD7-AF8A-8C4C6FF3C4FF}.Release|Any CPU.Build.0 = Release|Any CPU
	EndGlobalSection
	GlobalSection(SolutionProperties) = preSolution
		HideSolutionNode = FALSE
	EndGlobalSection
	GlobalSection(ExtensibilityGlobals) = postSolution
		SolutionGuid = {3C2DC9DB-1BC6-4799-B305-E1A9DA63EF6F}
	EndGlobalSection
EndGlobal
